# THIS IS AN AUTOGENERATED FILE. DO NOT EDIT THIS FILE DIRECTLY.
# yarn lockfile v1


node-microphone@^0.1.5:
  version "0.1.5"
  resolved "https://registry.yarnpkg.com/node-microphone/-/node-microphone-0.1.5.tgz#0ecf6d600be7df78eb5cad6987f04b8dd14640de"
  integrity sha512-pfInNR0QGt+keErJrX6hQP1BMQMZQno791Xugjgf0crRi6QEMSjNf7Wo16qK0u5zwAozE7X05twmy5fte00TyA==
